<?xml version="1.0" encoding="UTF-8" standalone="yes" ?>
<CodeBlocks_project_file>
	<FileVersion major="1" minor="6" />
	<Project>
		<Option title="ProjectionsAndCoordinateSystem" />
		<Option pch_mode="2" />
		<Option compiler="gcc" />
		<Build>
			<Target title="Debug">
				<Option output="bin/Debug/ProjectionsAndCoordinateSystem" prefix_auto="1" extension_auto="1" />
				<Option object_output="obj/Debug/" />
				<Option type="1" />
				<Option compiler="gcc" />
				<Option parameters="first second third" />
				<Compiler>
					<Add option="-std=c++17" />
					<Add option="-g" />
				</Compiler>
			</Target>
			<Target title="Release">
				<Option output="bin/Release/ProjectionsAndCoordinateSystem" prefix_auto="1" extension_auto="1" />
				<Option object_output="obj/Release/" />
				<Option type="1" />
				<Option compiler="gcc" />
				<Compiler>
					<Add option="-O2" />
				</Compiler>
				<Linker>
					<Add option="-s" />
				</Linker>
			</Target>
		</Build>
		<Compiler>
			<Add option="-Wall" />
			<Add option="-fexceptions" />
		</Compiler>
		<Linker>
			<Add library="opengl32" />
			<Add library="glu32" />
			<Add library="gdi32" />
			<Add library="libglfw3dll" />
			<Add library="glew32" />
			<Add library="libsoil2" />
			<Add library="libglm_static" />
		</Linker>
		<Unit filename="headers/Shader.h" />
		<Unit filename="main.cpp" />
		<Unit filename="res/images/image1.jpg" />
		<Unit filename="res/images/image2.png" />
		<Unit filename="res/shaders/core.frag" />
		<Unit filename="res/shaders/core.vs" />
		<Extensions>
			<DoxyBlocks>
				<comment_style block="0" line="1" />
				<doxyfile_project />
				<doxyfile_build />
				<doxyfile_warnings />
				<doxyfile_output />
				<doxyfile_dot />
				<general />
			</DoxyBlocks>
		</Extensions>
	</Project>
</CodeBlocks_project_file>
